
Microsoft Visual Studio Solution File, Format Version 12.00
# Visual Studio Version 17
VisualStudioVersion = 17.4.33205.214
MinimumVisualStudioVersion = 10.0.40219.1
Project("{8BC9CEB8-8B4A-11D0-8D11-00A0C91BC942}") = "230208_CPP_Study", "230208_CPP_Study\230208_CPP_Study.vcxproj", "{260EE693-EA3C-4D3D-95D7-25B2107D810A}"
EndProject
Global
	GlobalSection(SolutionConfigurationPlatforms) = preSolution
		Debug|x64 = Debug|x64
		Debug|x86 = Debug|x86
		Release|x64 = Release|x64
		Release|x86 = Release|x86
	EndGlobalSection
	GlobalSection(ProjectConfigurationPlatforms) = postSolution
		{260EE693-EA3C-4D3D-95D7-25B2107D810A}.Debug|x64.ActiveCfg = Debug|x64
		{260EE693-EA3C-4D3D-95D7-25B2107D810A}.Debug|x64.Build.0 = Debug|x64
		{260EE693-EA3C-4D3D-95D7-25B2107D810A}.Debug|x86.ActiveCfg = Debug|Win32
		{260EE693-EA3C-4D3D-95D7-25B2107D810A}.Debug|x86.Build.0 = Debug|Win32
		{260EE693-EA3C-4D3D-95D7-25B2107D810A}.Release|x64.ActiveCfg = Release|x64
		{260EE693-EA3C-4D3D-95D7-25B2107D810A}.Release|x64.Build.0 = Release|x64
		{260EE693-EA3C-4D3D-95D7-25B2107D810A}.Release|x86.ActiveCfg = Release|Win32
		{260EE693-EA3C-4D3D-95D7-25B2107D810A}.Release|x86.Build.0 = Release|Win32
	EndGlobalSection
	GlobalSection(SolutionProperties) = preSolution
		HideSolutionNode = FALSE
	EndGlobalSection
	GlobalSection(ExtensibilityGlobals) = postSolution
		SolutionGuid = {223510CC-CF08-4697-B13D-1D8433E84686}
	EndGlobalSection
EndGlobal
